{
  "nodes": {
    "crane": {
      "flake": false,
      "locked": {
        "lastModified": 1661875961,
        "narHash": "sha256-f1h/2c6Teeu1ofAHWzrS8TwBPcnN+EEu+z1sRVmMQTk=",
        "owner": "ipetkov",
        "repo": "crane",
        "rev": "d9f394e4e20e97c2a60c3ad82c2b6ef99be19e24",
        "type": "github"
      },
      "original": {
        "owner": "ipetkov",
        "repo": "crane",
        "type": "github"
      }
    },
    "devshell": {
      "flake": false,
      "locked": {
        "lastModified": 1663445644,
        "narHash": "sha256-+xVlcK60x7VY1vRJbNUEAHi17ZuoQxAIH4S4iUFUGBA=",
        "owner": "numtide",
        "repo": "devshell",
        "rev": "e3dc3e21594fe07bdb24bdf1c8657acaa4cb8f66",
        "type": "github"
      },
      "original": {
        "owner": "numtide",
        "repo": "devshell",
        "type": "github"
      }
    },
    "dream2nix": {
      "inputs": {
        "alejandra": [
          "nci",
          "nixpkgs"
        ],
        "crane": "crane",
        "devshell": [
          "nci",
          "devshell"
        ],
        "flake-utils-pre-commit": [
          "nci",
          "nixpkgs"
        ],
        "gomod2nix": [
          "nci",
          "nixpkgs"
        ],
        "mach-nix": [
          "nci",
          "nixpkgs"
        ],
        "nixpkgs": [
          "nci",
          "nixpkgs"
        ],
        "poetry2nix": [
          "nci",
          "nixpkgs"
        ],
        "pre-commit-hooks": [
          "nci",
          "nixpkgs"
        ]
      },
      "locked": {
        "lastModified": 1663716058,
        "narHash": "sha256-VT/JDqI/OHr68fVcOl4dr+ob2GPAKQIIG9FATr+0b0U=",
        "owner": "nix-community",
        "repo": "dream2nix",
        "rev": "b54f6403f4e0b4696f0502fbf4ead24d874fadd4",
        "type": "github"
      },
      "original": {
        "owner": "nix-community",
        "repo": "dream2nix",
        "type": "github"
      }
    },
    "flake-utils": {
      "locked": {
        "lastModified": 1659877975,
        "narHash": "sha256-zllb8aq3YO3h8B/U0/J1WBgAL8EX5yWf5pMj3G0NAmc=",
        "owner": "numtide",
        "repo": "flake-utils",
        "rev": "c0e246b9b83f637f4681389ecabcb2681b4f3af0",
        "type": "github"
      },
      "original": {
        "owner": "numtide",
        "repo": "flake-utils",
        "type": "github"
      }
    },
    "nci": {
      "inputs": {
        "devshell": "devshell",
        "dream2nix": "dream2nix",
        "nixpkgs": [
          "nixpkgs"
        ],
        "rust-overlay": [
          "rust-overlay"
        ]
      },
      "locked": {
        "lastModified": 1664000351,
        "narHash": "sha256-g3zld/tarUSiuULJ4AfOUsk7MiojAfEplLdQP1tFT68=",
        "owner": "yusdacra",
        "repo": "nix-cargo-integration",
        "rev": "29020fc60aaae3f28f5aac441508d2de703d2f67",
        "type": "github"
      },
      "original": {
        "owner": "yusdacra",
        "repo": "nix-cargo-integration",
        "rev": "29020fc60aaae3f28f5aac441508d2de703d2f67",
        "type": "github"
      }
    },
    "nixpkgs": {
      "locked": {
        "lastModified": 1667639549,
        "narHash": "sha256-frqZKSG/933Ctwl9voSZnXDwo8CqddXcjQhnCzwNqaM=",
        "owner": "NixOS",
        "repo": "nixpkgs",
        "rev": "cae3751e9f74eea29c573d6c2f14523f41c2821a",
        "type": "github"
      },
      "original": {
        "id": "nixpkgs",
        "type": "indirect"
      }
    },
    "root": {
      "inputs": {
        "nci": "nci",
        "nixpkgs": "nixpkgs",
        "rust-overlay": "rust-overlay"
      }
    },
    "rust-overlay": {
      "inputs": {
        "flake-utils": "flake-utils",
        "nixpkgs": [
          "nixpkgs"
        ]
      },
      "locked": {
        "lastModified": 1667702825,
        "narHash": "sha256-b0uPqiTUCQHE8A+UAwi1QAyYozchR/dbVq/5B+5Pfg4=",
        "owner": "oxalica",
        "repo": "rust-overlay",
        "rev": "ab9be7d78e9607b0b764b0e4a3b0804655e3c58d",
        "type": "github"
      },
      "original": {
        "owner": "oxalica",
        "repo": "rust-overlay",
        "type": "github"
      }
    }
  },
  "root": "root",
  "version": 7
}
